
Microsoft Visual Studio Solution File, Format Version 12.00
# Visual Studio Version 17
VisualStudioVersion = 17.0.31903.59
MinimumVisualStudioVersion = 10.0.40219.1
Project("{2150E333-8FDC-42A3-9474-1A3956D46DE8}") = "src", "src", "{827E0CD3-B72D-47B6-A68D-7590B98EB39B}"
EndProject
Project("{FAE04EC0-301F-11D3-BF4B-00C04F79EFBC}") = "IISMonitor.Core", "src\IISMonitor.Core\IISMonitor.Core.csproj", "{BCC06191-5BEB-4022-9776-AFAF306C30BB}"
EndProject
Project("{2150E333-8FDC-42A3-9474-1A3956D46DE8}") = "tests", "tests", "{0AB3BF05-4346-4AA6-1389-037BE0695223}"
EndProject
Project("{FAE04EC0-301F-11D3-BF4B-00C04F79EFBC}") = "IISMonitor.Core.Tests", "tests\IISMonitor.Core.Tests\IISMonitor.Core.Tests.csproj", "{551C6542-5243-483F-AD31-7BB67037EF51}"
EndProject
Project("{FAE04EC0-301F-11D3-BF4B-00C04F79EFBC}") = "IISMonitor.Collectors", "src\IISMonitor.Collectors\IISMonitor.Collectors.csproj", "{A0C8A635-5362-4C26-B519-0FBE6F6DD6C4}"
EndProject
Project("{FAE04EC0-301F-11D3-BF4B-00C04F79EFBC}") = "IISMonitor.Service", "src\IISMonitor.Service\IISMonitor.Service.csproj", "{47E7DD84-402A-466A-B496-FE0BE1C2555E}"
EndProject
Project("{FAE04EC0-301F-11D3-BF4B-00C04F79EFBC}") = "IISMonitor.Dashboard", "src\IISMonitor.Dashboard\IISMonitor.Dashboard.csproj", "{084CED58-9415-45DB-81F1-A6117D044BEE}"
EndProject
Global
	GlobalSection(SolutionConfigurationPlatforms) = preSolution
		Debug|Any CPU = Debug|Any CPU
		Debug|x64 = Debug|x64
		Debug|x86 = Debug|x86
		Release|Any CPU = Release|Any CPU
		Release|x64 = Release|x64
		Release|x86 = Release|x86
	EndGlobalSection
	GlobalSection(ProjectConfigurationPlatforms) = postSolution
		{BCC06191-5BEB-4022-9776-AFAF306C30BB}.Debug|Any CPU.ActiveCfg = Debug|Any CPU
		{BCC06191-5BEB-4022-9776-AFAF306C30BB}.Debug|Any CPU.Build.0 = Debug|Any CPU
		{BCC06191-5BEB-4022-9776-AFAF306C30BB}.Debug|x64.ActiveCfg = Debug|Any CPU
		{BCC06191-5BEB-4022-9776-AFAF306C30BB}.Debug|x64.Build.0 = Debug|Any CPU
		{BCC06191-5BEB-4022-9776-AFAF306C30BB}.Debug|x86.ActiveCfg = Debug|Any CPU
		{BCC06191-5BEB-4022-9776-AFAF306C30BB}.Debug|x86.Build.0 = Debug|Any CPU
		{BCC06191-5BEB-4022-9776-AFAF306C30BB}.Release|Any CPU.ActiveCfg = Release|Any CPU
		{BCC06191-5BEB-4022-9776-AFAF306C30BB}.Release|Any CPU.Build.0 = Release|Any CPU
		{BCC06191-5BEB-4022-9776-AFAF306C30BB}.Release|x64.ActiveCfg = Release|Any CPU
		{BCC06191-5BEB-4022-9776-AFAF306C30BB}.Release|x64.Build.0 = Release|Any CPU
		{BCC06191-5BEB-4022-9776-AFAF306C30BB}.Release|x86.ActiveCfg = Release|Any CPU
		{BCC06191-5BEB-4022-9776-AFAF306C30BB}.Release|x86.Build.0 = Release|Any CPU
		{551C6542-5243-483F-AD31-7BB67037EF51}.Debug|Any CPU.ActiveCfg = Debug|Any CPU
		{551C6542-5243-483F-AD31-7BB67037EF51}.Debug|Any CPU.Build.0 = Debug|Any CPU
		{551C6542-5243-483F-AD31-7BB67037EF51}.Debug|x64.ActiveCfg = Debug|Any CPU
		{551C6542-5243-483F-AD31-7BB67037EF51}.Debug|x64.Build.0 = Debug|Any CPU
		{551C6542-5243-483F-AD31-7BB67037EF51}.Debug|x86.ActiveCfg = Debug|Any CPU
		{551C6542-5243-483F-AD31-7BB67037EF51}.Debug|x86.Build.0 = Debug|Any CPU
		{551C6542-5243-483F-AD31-7BB67037EF51}.Release|Any CPU.ActiveCfg = Release|Any CPU
		{551C6542-5243-483F-AD31-7BB67037EF51}.Release|Any CPU.Build.0 = Release|Any CPU
		{551C6542-5243-483F-AD31-7BB67037EF51}.Release|x64.ActiveCfg = Release|Any CPU
		{551C6542-5243-483F-AD31-7BB67037EF51}.Release|x64.Build.0 = Release|Any CPU
		{551C6542-5243-483F-AD31-7BB67037EF51}.Release|x86.ActiveCfg = Release|Any CPU
		{551C6542-5243-483F-AD31-7BB67037EF51}.Release|x86.Build.0 = Release|Any CPU
		{A0C8A635-5362-4C26-B519-0FBE6F6DD6C4}.Debug|Any CPU.ActiveCfg = Debug|Any CPU
		{A0C8A635-5362-4C26-B519-0FBE6F6DD6C4}.Debug|Any CPU.Build.0 = Debug|Any CPU
		{A0C8A635-5362-4C26-B519-0FBE6F6DD6C4}.Debug|x64.ActiveCfg = Debug|Any CPU
		{A0C8A635-5362-4C26-B519-0FBE6F6DD6C4}.Debug|x64.Build.0 = Debug|Any CPU
		{A0C8A635-5362-4C26-B519-0FBE6F6DD6C4}.Debug|x86.ActiveCfg = Debug|Any CPU
		{A0C8A635-5362-4C26-B519-0FBE6F6DD6C4}.Debug|x86.Build.0 = Debug|Any CPU
		{A0C8A635-5362-4C26-B519-0FBE6F6DD6C4}.Release|Any CPU.ActiveCfg = Release|Any CPU
		{A0C8A635-5362-4C26-B519-0FBE6F6DD6C4}.Release|Any CPU.Build.0 = Release|Any CPU
		{A0C8A635-5362-4C26-B519-0FBE6F6DD6C4}.Release|x64.ActiveCfg = Release|Any CPU
		{A0C8A635-5362-4C26-B519-0FBE6F6DD6C4}.Release|x64.Build.0 = Release|Any CPU
		{A0C8A635-5362-4C26-B519-0FBE6F6DD6C4}.Release|x86.ActiveCfg = Release|Any CPU
		{A0C8A635-5362-4C26-B519-0FBE6F6DD6C4}.Release|x86.Build.0 = Release|Any CPU
		{47E7DD84-402A-466A-B496-FE0BE1C2555E}.Debug|Any CPU.ActiveCfg = Debug|Any CPU
		{47E7DD84-402A-466A-B496-FE0BE1C2555E}.Debug|Any CPU.Build.0 = Debug|Any CPU
		{47E7DD84-402A-466A-B496-FE0BE1C2555E}.Debug|x64.ActiveCfg = Debug|Any CPU
		{47E7DD84-402A-466A-B496-FE0BE1C2555E}.Debug|x64.Build.0 = Debug|Any CPU
		{47E7DD84-402A-466A-B496-FE0BE1C2555E}.Debug|x86.ActiveCfg = Debug|Any CPU
		{47E7DD84-402A-466A-B496-FE0BE1C2555E}.Debug|x86.Build.0 = Debug|Any CPU
		{47E7DD84-402A-466A-B496-FE0BE1C2555E}.Release|Any CPU.ActiveCfg = Release|Any CPU
		{47E7DD84-402A-466A-B496-FE0BE1C2555E}.Release|Any CPU.Build.0 = Release|Any CPU
		{47E7DD84-402A-466A-B496-FE0BE1C2555E}.Release|x64.ActiveCfg = Release|Any CPU
		{47E7DD84-402A-466A-B496-FE0BE1C2555E}.Release|x64.Build.0 = Release|Any CPU
		{47E7DD84-402A-466A-B496-FE0BE1C2555E}.Release|x86.ActiveCfg = Release|Any CPU
		{47E7DD84-402A-466A-B496-FE0BE1C2555E}.Release|x86.Build.0 = Release|Any CPU
		{084CED58-9415-45DB-81F1-A6117D044BEE}.Debug|Any CPU.ActiveCfg = Debug|Any CPU
		{084CED58-9415-45DB-81F1-A6117D044BEE}.Debug|Any CPU.Build.0 = Debug|Any CPU
		{084CED58-9415-45DB-81F1-A6117D044BEE}.Debug|x64.ActiveCfg = Debug|Any CPU
		{084CED58-9415-45DB-81F1-A6117D044BEE}.Debug|x64.Build.0 = Debug|Any CPU
		{084CED58-9415-45DB-81F1-A6117D044BEE}.Debug|x86.ActiveCfg = Debug|Any CPU
		{084CED58-9415-45DB-81F1-A6117D044BEE}.Debug|x86.Build.0 = Debug|Any CPU
		{084CED58-9415-45DB-81F1-A6117D044BEE}.Release|Any CPU.ActiveCfg = Release|Any CPU
		{084CED58-9415-45DB-81F1-A6117D044BEE}.Release|Any CPU.Build.0 = Release|Any CPU
		{084CED58-9415-45DB-81F1-A6117D044BEE}.Release|x64.ActiveCfg = Release|Any CPU
		{084CED58-9415-45DB-81F1-A6117D044BEE}.Release|x64.Build.0 = Release|Any CPU
		{084CED58-9415-45DB-81F1-A6117D044BEE}.Release|x86.ActiveCfg = Release|Any CPU
		{084CED58-9415-45DB-81F1-A6117D044BEE}.Release|x86.Build.0 = Release|Any CPU
	EndGlobalSection
	GlobalSection(SolutionProperties) = preSolution
		HideSolutionNode = FALSE
	EndGlobalSection
	GlobalSection(NestedProjects) = preSolution
		{BCC06191-5BEB-4022-9776-AFAF306C30BB} = {827E0CD3-B72D-47B6-A68D-7590B98EB39B}
		{551C6542-5243-483F-AD31-7BB67037EF51} = {0AB3BF05-4346-4AA6-1389-037BE0695223}
		{A0C8A635-5362-4C26-B519-0FBE6F6DD6C4} = {827E0CD3-B72D-47B6-A68D-7590B98EB39B}
		{47E7DD84-402A-466A-B496-FE0BE1C2555E} = {827E0CD3-B72D-47B6-A68D-7590B98EB39B}
		{084CED58-9415-45DB-81F1-A6117D044BEE} = {827E0CD3-B72D-47B6-A68D-7590B98EB39B}
	EndGlobalSection
EndGlobal
